
Microsoft Visual Studio Solution File, Format Version 12.00
# Visual Studio Version 17
VisualStudioVersion = 17.14.36127.28 d17.14
MinimumVisualStudioVersion = 10.0.40219.1
Project("{FAE04EC0-301F-11D3-BF4B-00C04F79EFBC}") = "atool", "atool.csproj", "{7870400F-B359-4E46-A128-C8CFDED8E025}"
EndProject
Global
	GlobalSection(SolutionConfigurationPlatforms) = preSolution
		Debug|Any CPU = Debug|Any CPU
		Release|Any CPU = Release|Any CPU
	EndGlobalSection
	GlobalSection(ProjectConfigurationPlatforms) = postSolution
		{7870400F-B359-4E46-A128-C8CFDED8E025}.Debug|Any CPU.ActiveCfg = Debug|Any CPU
		{7870400F-B359-4E46-A128-C8CFDED8E025}.Debug|Any CPU.Build.0 = Debug|Any CPU
		{7870400F-B359-4E46-A128-C8CFDED8E025}.Release|Any CPU.ActiveCfg = Release|Any CPU
		{7870400F-B359-4E46-A128-C8CFDED8E025}.Release|Any CPU.Build.0 = Release|Any CPU
	EndGlobalSection
	GlobalSection(SolutionProperties) = preSolution
		HideSolutionNode = FALSE
	EndGlobalSection
	GlobalSection(ExtensibilityGlobals) = postSolution
		SolutionGuid = {11A2052D-C01A-498A-AB1F-50444F166F5D}
	EndGlobalSection
EndGlobal
